// !$*UTF8*$!
{
	archiveVersion = 1;
	classes = {
	};
	objectVersion = 46;
	objects = {

/* Begin PBXBuildFile section */
		13F2172F2FAA2B0020D94B0F /* libPods-PGNetworking.a in Frameworks */ = {isa = PBXBuildFile; fileRef = 82124DF1350688B18FDA42B2 /* libPods-PGNetworking.a */; };
		A51D32921CBCCDC5007B33FE /* APIRegion.m in Sources */ = {isa = PBXBuildFile; fileRef = A51D32911CBCCDC5007B33FE /* APIRegion.m */; };
		A5C798551CB395D800236B1C /* main.m in Sources */ = {isa = PBXBuildFile; fileRef = A5C798541CB395D800236B1C /* main.m */; };
		A5C798581CB395D800236B1C /* AppDelegate.m in Sources */ = {isa = PBXBuildFile; fileRef = A5C798571CB395D800236B1C /* AppDelegate.m */; };
		A5C7985B1CB395D800236B1C /* ViewController.m in Sources */ = {isa = PBXBuildFile; fileRef = A5C7985A1CB395D800236B1C /* ViewController.m */; };
		A5C7985E1CB395D800236B1C /* Main.storyboard in Resources */ = {isa = PBXBuildFile; fileRef = A5C7985C1CB395D800236B1C /* Main.storyboard */; };
		A5C798601CB395D800236B1C /* Assets.xcassets in Resources */ = {isa = PBXBuildFile; fileRef = A5C7985F1CB395D800236B1C /* Assets.xcassets */; };
		A5C798631CB395D800236B1C /* LaunchScreen.storyboard in Resources */ = {isa = PBXBuildFile; fileRef = A5C798611CB395D800236B1C /* LaunchScreen.storyboard */; };
		FA1A27FA1CBFD49000B406E7 /* regionModel.m in Sources */ = {isa = PBXBuildFile; fileRef = FA1A27F91CBFD49000B406E7 /* regionModel.m */; };
		FA1A28551CC1EC5000B406E7 /* liblib.a in Frameworks */ = {isa = PBXBuildFile; fileRef = FA1A28521CC1EC3900B406E7 /* liblib.a */; };
/* End PBXBuildFile section */

/* Begin PBXContainerItemProxy section */
		FA1A28511CC1EC3900B406E7 /* PBXContainerItemProxy */ = {
			isa = PBXContainerItemProxy;
			containerPortal = FA1A284D1CC1EC3900B406E7 /* lib.xcodeproj */;
			proxyType = 2;
			remoteGlobalIDString = FA1A28371CC1E7E800B406E7;
			remoteInfo = lib;
		};
		FA1A28531CC1EC4800B406E7 /* PBXContainerItemProxy */ = {
			isa = PBXContainerItemProxy;
			containerPortal = FA1A284D1CC1EC3900B406E7 /* lib.xcodeproj */;
			proxyType = 1;
			remoteGlobalIDString = FA1A28361CC1E7E800B406E7;
			remoteInfo = lib;
		};
/* End PBXContainerItemProxy section */

/* Begin PBXFileReference section */
		171D108DF7FE6B9B3B51D3AA /* Pods-PGNetworking.release.xcconfig */ = {isa = PBXFileReference; includeInIndex = 1; lastKnownFileType = text.xcconfig; name = "Pods-PGNetworking.release.xcconfig"; path = "Pods/Target Support Files/Pods-PGNetworking/Pods-PGNetworking.release.xcconfig"; sourceTree = "<group>"; };
		82124DF1350688B18FDA42B2 /* libPods-PGNetworking.a */ = {isa = PBXFileReference; explicitFileType = archive.ar; includeInIndex = 0; path = "libPods-PGNetworking.a"; sourceTree = BUILT_PRODUCTS_DIR; };
		8D569C316F5FD7E105F8E3F6 /* Pods-PGNetworking.debug.xcconfig */ = {isa = PBXFileReference; includeInIndex = 1; lastKnownFileType = text.xcconfig; name = "Pods-PGNetworking.debug.xcconfig"; path = "Pods/Target Support Files/Pods-PGNetworking/Pods-PGNetworking.debug.xcconfig"; sourceTree = "<group>"; };
		A51D32901CBCCDC5007B33FE /* APIRegion.h */ = {isa = PBXFileReference; fileEncoding = 4; lastKnownFileType = sourcecode.c.h; path = APIRegion.h; sourceTree = "<group>"; };
		A51D32911CBCCDC5007B33FE /* APIRegion.m */ = {isa = PBXFileReference; fileEncoding = 4; lastKnownFileType = sourcecode.c.objc; path = APIRegion.m; sourceTree = "<group>"; };
		A5C798501CB395D800236B1C /* PGNetworking.app */ = {isa = PBXFileReference; explicitFileType = wrapper.application; includeInIndex = 0; path = PGNetworking.app; sourceTree = BUILT_PRODUCTS_DIR; };
		A5C798541CB395D800236B1C /* main.m */ = {isa = PBXFileReference; lastKnownFileType = sourcecode.c.objc; path = main.m; sourceTree = "<group>"; };
		A5C798561CB395D800236B1C /* AppDelegate.h */ = {isa = PBXFileReference; lastKnownFileType = sourcecode.c.h; path = AppDelegate.h; sourceTree = "<group>"; };
		A5C798571CB395D800236B1C /* AppDelegate.m */ = {isa = PBXFileReference; lastKnownFileType = sourcecode.c.objc; path = AppDelegate.m; sourceTree = "<group>"; };
		A5C798591CB395D800236B1C /* ViewController.h */ = {isa = PBXFileReference; lastKnownFileType = sourcecode.c.h; path = ViewController.h; sourceTree = "<group>"; };
		A5C7985A1CB395D800236B1C /* ViewController.m */ = {isa = PBXFileReference; lastKnownFileType = sourcecode.c.objc; path = ViewController.m; sourceTree = "<group>"; };
		A5C7985D1CB395D800236B1C /* Base */ = {isa = PBXFileReference; lastKnownFileType = file.storyboard; name = Base; path = Base.lproj/Main.storyboard; sourceTree = "<group>"; };
		A5C7985F1CB395D800236B1C /* Assets.xcassets */ = {isa = PBXFileReference; lastKnownFileType = folder.assetcatalog; path = Assets.xcassets; sourceTree = "<group>"; };
		A5C798621CB395D800236B1C /* Base */ = {isa = PBXFileReference; lastKnownFileType = file.storyboard; name = Base; path = Base.lproj/LaunchScreen.storyboard; sourceTree = "<group>"; };
		A5C798641CB395D800236B1C /* Info.plist */ = {isa = PBXFileReference; lastKnownFileType = text.plist.xml; path = Info.plist; sourceTree = "<group>"; };
		FA1A27F81CBFD49000B406E7 /* regionModel.h */ = {isa = PBXFileReference; fileEncoding = 4; lastKnownFileType = sourcecode.c.h; path = regionModel.h; sourceTree = "<group>"; };
		FA1A27F91CBFD49000B406E7 /* regionModel.m */ = {isa = PBXFileReference; fileEncoding = 4; lastKnownFileType = sourcecode.c.objc; path = regionModel.m; sourceTree = "<group>"; };
		FA1A284D1CC1EC3900B406E7 /* lib.xcodeproj */ = {isa = PBXFileReference; lastKnownFileType = "wrapper.pb-project"; name = lib.xcodeproj; path = lib/lib.xcodeproj; sourceTree = "<group>"; };
/* End PBXFileReference section */

/* Begin PBXFrameworksBuildPhase section */
		A5C7984D1CB395D800236B1C /* Frameworks */ = {
			isa = PBXFrameworksBuildPhase;
			buildActionMask = 2147483647;
			files = (
				FA1A28551CC1EC5000B406E7 /* liblib.a in Frameworks */,
				13F2172F2FAA2B0020D94B0F /* libPods-PGNetworking.a in Frameworks */,
			);
			runOnlyForDeploymentPostprocessing = 0;
		};
/* End PBXFrameworksBuildPhase section */

/* Begin PBXGroup section */
		A5C798471CB395D800236B1C = {
			isa = PBXGroup;
			children = (
				FA1A284D1CC1EC3900B406E7 /* lib.xcodeproj */,
				FA1A27F81CBFD49000B406E7 /* regionModel.h */,
				FA1A27F91CBFD49000B406E7 /* regionModel.m */,
				A5C798521CB395D800236B1C /* PGNetworking */,
				A5C798511CB395D800236B1C /* Products */,
				DAC5C47E0AFE20AEF80CE9C1 /* Pods */,
				D9F3AC544AADF41E4D28326A /* Frameworks */,
			);
			sourceTree = "<group>";
		};
		A5C798511CB395D800236B1C /* Products */ = {
			isa = PBXGroup;
			children = (
				A5C798501CB395D800236B1C /* PGNetworking.app */,
			);
			name = Products;
			sourceTree = "<group>";
		};
		A5C798521CB395D800236B1C /* PGNetworking */ = {
			isa = PBXGroup;
			children = (
				A5C798561CB395D800236B1C /* AppDelegate.h */,
				A5C798571CB395D800236B1C /* AppDelegate.m */,
				A5C798591CB395D800236B1C /* ViewController.h */,
				A5C7985A1CB395D800236B1C /* ViewController.m */,
				A5C7985C1CB395D800236B1C /* Main.storyboard */,
				A5C7985F1CB395D800236B1C /* Assets.xcassets */,
				A5C798611CB395D800236B1C /* LaunchScreen.storyboard */,
				A5C798641CB395D800236B1C /* Info.plist */,
				A5C798531CB395D800236B1C /* Supporting Files */,
				A51D32901CBCCDC5007B33FE /* APIRegion.h */,
				A51D32911CBCCDC5007B33FE /* APIRegion.m */,
			);
			path = PGNetworking;
			sourceTree = "<group>";
		};
		A5C798531CB395D800236B1C /* Supporting Files */ = {
			isa = PBXGroup;
			children = (
				A5C798541CB395D800236B1C /* main.m */,
			);
			name = "Supporting Files";
			sourceTree = "<group>";
		};
		D9F3AC544AADF41E4D28326A /* Frameworks */ = {
			isa = PBXGroup;
			children = (
				82124DF1350688B18FDA42B2 /* libPods-PGNetworking.a */,
			);
			name = Frameworks;
			sourceTree = "<group>";
		};
		DAC5C47E0AFE20AEF80CE9C1 /* Pods */ = {
			isa = PBXGroup;
			children = (
				8D569C316F5FD7E105F8E3F6 /* Pods-PGNetworking.debug.xcconfig */,
				171D108DF7FE6B9B3B51D3AA /* Pods-PGNetworking.release.xcconfig */,
			);
			name = Pods;
			sourceTree = "<group>";
		};
		FA1A284E1CC1EC3900B406E7 /* Products */ = {
			isa = PBXGroup;
			children = (
				FA1A28521CC1EC3900B406E7 /* liblib.a */,
			);
			name = Products;
			sourceTree = "<group>";
		};
/* End PBXGroup section */

/* Begin PBXNativeTarget section */
		A5C7984F1CB395D800236B1C /* PGNetworking */ = {
			isa = PBXNativeTarget;
			buildConfigurationList = A5C798671CB395D800236B1C /* Build configuration list for PBXNativeTarget "PGNetworking" */;
			buildPhases = (
				3FBD7EC18B51C0FE2E1F0FE9 /* Check Pods Manifest.lock */,
				A5C7984C1CB395D800236B1C /* Sources */,
				A5C7984D1CB395D800236B1C /* Frameworks */,
				A5C7984E1CB395D800236B1C /* Resources */,
				3377646A04120713C9484A4A /* Embed Pods Frameworks */,
				F0308E5261E9355924DBCDD6 /* Copy Pods Resources */,
			);
			buildRules = (
			);
			dependencies = (
				FA1A28541CC1EC4800B406E7 /* PBXTargetDependency */,
			);
			name = PGNetworking;
			productName = PGNetworking;
			productReference = A5C798501CB395D800236B1C /* PGNetworking.app */;
			productType = "com.apple.product-type.application";
		};
/* End PBXNativeTarget section */

/* Begin PBXProject section */
		A5C798481CB395D800236B1C /* Project object */ = {
			isa = PBXProject;
			attributes = {
				LastUpgradeCheck = 0720;
				ORGANIZATIONNAME = "张正超";
				TargetAttributes = {
					A5C7984F1CB395D800236B1C = {
						CreatedOnToolsVersion = 7.2;
					};
				};
			};
			buildConfigurationList = A5C7984B1CB395D800236B1C /* Build configuration list for PBXProject "PGNetworking" */;
			compatibilityVersion = "Xcode 3.2";
			developmentRegion = English;
			hasScannedForEncodings = 0;
			knownRegions = (
				en,
				Base,
			);
			mainGroup = A5C798471CB395D800236B1C;
			productRefGroup = A5C798511CB395D800236B1C /* Products */;
			projectDirPath = "";
			projectReferences = (
				{
					ProductGroup = FA1A284E1CC1EC3900B406E7 /* Products */;
					ProjectRef = FA1A284D1CC1EC3900B406E7 /* lib.xcodeproj */;
				},
			);
			projectRoot = "";
			targets = (
				A5C7984F1CB395D800236B1C /* PGNetworking */,
			);
		};
/* End PBXProject section */

/* Begin PBXReferenceProxy section */
		FA1A28521CC1EC3900B406E7 /* liblib.a */ = {
			isa = PBXReferenceProxy;
			fileType = archive.ar;
			path = liblib.a;
			remoteRef = FA1A28511CC1EC3900B406E7 /* PBXContainerItemProxy */;
			sourceTree = BUILT_PRODUCTS_DIR;
		};
/* End PBXReferenceProxy section */

/* Begin PBXResourcesBuildPhase section */
		A5C7984E1CB395D800236B1C /* Resources */ = {
			isa = PBXResourcesBuildPhase;
			buildActionMask = 2147483647;
			files = (
				A5C798631CB395D800236B1C /* LaunchScreen.storyboard in Resources */,
				A5C798601CB395D800236B1C /* Assets.xcassets in Resources */,
				A5C7985E1CB395D800236B1C /* Main.storyboard in Resources */,
			);
			runOnlyForDeploymentPostprocessing = 0;
		};
/* End PBXResourcesBuildPhase section */

/* Begin PBXShellScriptBuildPhase section */
		3377646A04120713C9484A4A /* Embed Pods Frameworks */ = {
			isa = PBXShellScriptBuildPhase;
			buildActionMask = 2147483647;
			files = (
			);
			inputPaths = (
			);
			name = "Embed Pods Frameworks";
			outputPaths = (
			);
			runOnlyForDeploymentPostprocessing = 0;
			shellPath = /bin/sh;
			shellScript = "\"${SRCROOT}/Pods/Target Support Files/Pods-PGNetworking/Pods-PGNetworking-frameworks.sh\"\n";
			showEnvVarsInLog = 0;
		};
		3FBD7EC18B51C0FE2E1F0FE9 /* Check Pods Manifest.lock */ = {
			isa = PBXShellScriptBuildPhase;
			buildActionMask = 2147483647;
			files = (
			);
			inputPaths = (
			);
			name = "Check Pods Manifest.lock";
			outputPaths = (
			);
			runOnlyForDeploymentPostprocessing = 0;
			shellPath = /bin/sh;
			shellScript = "diff \"${PODS_ROOT}/../Podfile.lock\" \"${PODS_ROOT}/Manifest.lock\" > /dev/null\nif [[ $? != 0 ]] ; then\n    cat << EOM\nerror: The sandbox is not in sync with the Podfile.lock. Run 'pod install' or update your CocoaPods installation.\nEOM\n    exit 1\nfi\n";
			showEnvVarsInLog = 0;
		};
		F0308E5261E9355924DBCDD6 /* Copy Pods Resources */ = {
			isa = PBXShellScriptBuildPhase;
			buildActionMask = 2147483647;
			files = (
			);
			inputPaths = (
			);
			name = "Copy Pods Resources";
			outputPaths = (
			);
			runOnlyForDeploymentPostprocessing = 0;
			shellPath = /bin/sh;
			shellScript = "\"${SRCROOT}/Pods/Target Support Files/Pods-PGNetworking/Pods-PGNetworking-resources.sh\"\n";
			showEnvVarsInLog = 0;
		};
/* End PBXShellScriptBuildPhase section */

/* Begin PBXSourcesBuildPhase section */
		A5C7984C1CB395D800236B1C /* Sources */ = {
			isa = PBXSourcesBuildPhase;
			buildActionMask = 2147483647;
			files = (
				A5C7985B1CB395D800236B1C /* ViewController.m in Sources */,
				FA1A27FA1CBFD49000B406E7 /* regionModel.m in Sources */,
				A51D32921CBCCDC5007B33FE /* APIRegion.m in Sources */,
				A5C798581CB395D800236B1C /* AppDelegate.m in Sources */,
				A5C798551CB395D800236B1C /* main.m in Sources */,
			);
			runOnlyForDeploymentPostprocessing = 0;
		};
/* End PBXSourcesBuildPhase section */

/* Begin PBXTargetDependency section */
		FA1A28541CC1EC4800B406E7 /* PBXTargetDependency */ = {
			isa = PBXTargetDependency;
			name = lib;
			targetProxy = FA1A28531CC1EC4800B406E7 /* PBXContainerItemProxy */;
		};
/* End PBXTargetDependency section */

/* Begin PBXVariantGroup section */
		A5C7985C1CB395D800236B1C /* Main.storyboard */ = {
			isa = PBXVariantGroup;
			children = (
				A5C7985D1CB395D800236B1C /* Base */,
			);
			name = Main.storyboard;
			sourceTree = "<group>";
		};
		A5C798611CB395D800236B1C /* LaunchScreen.storyboard */ = {
			isa = PBXVariantGroup;
			children = (
				A5C798621CB395D800236B1C /* Base */,
			);
			name = LaunchScreen.storyboard;
			sourceTree = "<group>";
		};
/* End PBXVariantGroup section */

/* Begin XCBuildConfiguration section */
		A5C798651CB395D800236B1C /* Debug */ = {
			isa = XCBuildConfiguration;
			buildSettings = {
				ALWAYS_SEARCH_USER_PATHS = NO;
				CLANG_CXX_LANGUAGE_STANDARD = "gnu++0x";
				CLANG_CXX_LIBRARY = "libc++";
				CLANG_ENABLE_MODULES = YES;
				CLANG_ENABLE_OBJC_ARC = YES;
				CLANG_WARN_BOOL_CONVERSION = YES;
				CLANG_WARN_CONSTANT_CONVERSION = YES;
				CLANG_WARN_DIRECT_OBJC_ISA_USAGE = YES_ERROR;
				CLANG_WARN_EMPTY_BODY = YES;
				CLANG_WARN_ENUM_CONVERSION = YES;
				CLANG_WARN_INT_CONVERSION = YES;
				CLANG_WARN_OBJC_ROOT_CLASS = YES_ERROR;
				CLANG_WARN_UNREACHABLE_CODE = YES;
				CLANG_WARN__DUPLICATE_METHOD_MATCH = YES;
				"CODE_SIGN_IDENTITY[sdk=iphoneos*]" = "iPhone Developer";
				COPY_PHASE_STRIP = NO;
				DEBUG_INFORMATION_FORMAT = dwarf;
				ENABLE_STRICT_OBJC_MSGSEND = YES;
				ENABLE_TESTABILITY = YES;
				GCC_C_LANGUAGE_STANDARD = gnu99;
				GCC_DYNAMIC_NO_PIC = NO;
				GCC_NO_COMMON_BLOCKS = YES;
				GCC_OPTIMIZATION_LEVEL = 0;
				GCC_PREPROCESSOR_DEFINITIONS = (
					"DEBUG=1",
					"$(inherited)",
				);
				GCC_WARN_64_TO_32_BIT_CONVERSION = YES;
				GCC_WARN_ABOUT_RETURN_TYPE = YES_ERROR;
				GCC_WARN_UNDECLARED_SELECTOR = YES;
				GCC_WARN_UNINITIALIZED_AUTOS = YES_AGGRESSIVE;
				GCC_WARN_UNUSED_FUNCTION = YES;
				GCC_WARN_UNUSED_VARIABLE = YES;
				IPHONEOS_DEPLOYMENT_TARGET = 9.2;
				MTL_ENABLE_DEBUG_INFO = YES;
				ONLY_ACTIVE_ARCH = YES;
				SDKROOT = iphoneos;
			};
			name = Debug;
		};
		A5C798661CB395D800236B1C /* Release */ = {
			isa = XCBuildConfiguration;
			buildSettings = {
				ALWAYS_SEARCH_USER_PATHS = NO;
				CLANG_CXX_LANGUAGE_STANDARD = "gnu++0x";
				CLANG_CXX_LIBRARY = "libc++";
				CLANG_ENABLE_MODULES = YES;
				CLANG_ENABLE_OBJC_ARC = YES;
				CLANG_WARN_BOOL_CONVERSION = YES;
				CLANG_WARN_CONSTANT_CONVERSION = YES;
				CLANG_WARN_DIRECT_OBJC_ISA_USAGE = YES_ERROR;
				CLANG_WARN_EMPTY_BODY = YES;
				CLANG_WARN_ENUM_CONVERSION = YES;
				CLANG_WARN_INT_CONVERSION = YES;
				CLANG_WARN_OBJC_ROOT_CLASS = YES_ERROR;
				CLANG_WARN_UNREACHABLE_CODE = YES;
				CLANG_WARN__DUPLICATE_METHOD_MATCH = YES;
				"CODE_SIGN_IDENTITY[sdk=iphoneos*]" = "iPhone Developer";
				COPY_PHASE_STRIP = NO;
				DEBUG_INFORMATION_FORMAT = "dwarf-with-dsym";
				ENABLE_NS_ASSERTIONS = NO;
				ENABLE_STRICT_OBJC_MSGSEND = YES;
				GCC_C_LANGUAGE_STANDARD = gnu99;
				GCC_NO_COMMON_BLOCKS = YES;
				GCC_WARN_64_TO_32_BIT_CONVERSION = YES;
				GCC_WARN_ABOUT_RETURN_TYPE = YES_ERROR;
				GCC_WARN_UNDECLARED_SELECTOR = YES;
				GCC_WARN_UNINITIALIZED_AUTOS = YES_AGGRESSIVE;
				GCC_WARN_UNUSED_FUNCTION = YES;
				GCC_WARN_UNUSED_VARIABLE = YES;
				IPHONEOS_DEPLOYMENT_TARGET = 9.2;
				MTL_ENABLE_DEBUG_INFO = NO;
				SDKROOT = iphoneos;
				VALIDATE_PRODUCT = YES;
			};
			name = Release;
		};
		A5C798681CB395D800236B1C /* Debug */ = {
			isa = XCBuildConfiguration;
			baseConfigurationReference = 8D569C316F5FD7E105F8E3F6 /* Pods-PGNetworking.debug.xcconfig */;
			buildSettings = {
				ASSETCATALOG_COMPILER_APPICON_NAME = AppIcon;
				CODE_SIGN_IDENTITY = "iPhone Developer: Zhengchao Zhang (EXPKSJCTVS)";
				"CODE_SIGN_IDENTITY[sdk=iphoneos*]" = "iPhone Developer: Zhengchao Zhang (EXPKSJCTVS)";
				HEADER_SEARCH_PATHS = (
					"$(inherited)",
					"\"${PODS_ROOT}/Headers/Public\"",
					"\"${PODS_ROOT}/Headers/Public/AFNetworking\"",
					"\"${PODS_ROOT}/Headers/Public/Base64nl\"",
					"\"${PODS_ROOT}/Headers/Public/FMDB\"",
					"\"${PODS_ROOT}/Headers/Public/OpenSSL-Universal\"",
					"\"${PODS_ROOT}/Headers/Public/PGNetworking\"",
					"\"${PODS_ROOT}/Headers/Public/ReactiveCocoa\"",
					"\"${PODS_ROOT}/Headers/Public/YTKKeyValueStore\"",
					"\"${PODS_ROOT}/Headers/Public/YYModel\"",
					"\"../PGNetworking/**\"",
				);
				INFOPLIST_FILE = PGNetworking/Info.plist;
				IPHONEOS_DEPLOYMENT_TARGET = 7.0;
				LD_RUNPATH_SEARCH_PATHS = "$(inherited) @executable_path/Frameworks";
				PRODUCT_BUNDLE_IDENTIFIER = com.zz;
				PRODUCT_NAME = "$(TARGET_NAME)";
				PROVISIONING_PROFILE = "51a597ca-23ec-4fa8-971d-661268a7f6d0";
			};
			name = Debug;
		};
		A5C798691CB395D800236B1C /* Release */ = {
			isa = XCBuildConfiguration;
			baseConfigurationReference = 171D108DF7FE6B9B3B51D3AA /* Pods-PGNetworking.release.xcconfig */;
			buildSettings = {
				ASSETCATALOG_COMPILER_APPICON_NAME = AppIcon;
				CODE_SIGN_IDENTITY = "iPhone Developer: Zhengchao Zhang (EXPKSJCTVS)";
				"CODE_SIGN_IDENTITY[sdk=iphoneos*]" = "iPhone Developer: Zhengchao Zhang (EXPKSJCTVS)";
				HEADER_SEARCH_PATHS = (
					"$(inherited)",
					"\"${PODS_ROOT}/Headers/Public\"",
					"\"${PODS_ROOT}/Headers/Public/AFNetworking\"",
					"\"${PODS_ROOT}/Headers/Public/Base64nl\"",
					"\"${PODS_ROOT}/Headers/Public/FMDB\"",
					"\"${PODS_ROOT}/Headers/Public/OpenSSL-Universal\"",
					"\"${PODS_ROOT}/Headers/Public/PGNetworking\"",
					"\"${PODS_ROOT}/Headers/Public/ReactiveCocoa\"",
					"\"${PODS_ROOT}/Headers/Public/YTKKeyValueStore\"",
					"\"${PODS_ROOT}/Headers/Public/YYModel\"",
					"\"../PGNetworking/**\"",
				);
				INFOPLIST_FILE = PGNetworking/Info.plist;
				IPHONEOS_DEPLOYMENT_TARGET = 7.0;
				LD_RUNPATH_SEARCH_PATHS = "$(inherited) @executable_path/Frameworks";
				PRODUCT_BUNDLE_IDENTIFIER = com.zz;
				PRODUCT_NAME = "$(TARGET_NAME)";
				PROVISIONING_PROFILE = "51a597ca-23ec-4fa8-971d-661268a7f6d0";
			};
			name = Release;
		};
/* End XCBuildConfiguration section */

/* Begin XCConfigurationList section */
		A5C7984B1CB395D800236B1C /* Build configuration list for PBXProject "PGNetworking" */ = {
			isa = XCConfigurationList;
			buildConfigurations = (
				A5C798651CB395D800236B1C /* Debug */,
				A5C798661CB395D800236B1C /* Release */,
			);
			defaultConfigurationIsVisible = 0;
			defaultConfigurationName = Release;
		};
		A5C798671CB395D800236B1C /* Build configuration list for PBXNativeTarget "PGNetworking" */ = {
			isa = XCConfigurationList;
			buildConfigurations = (
				A5C798681CB395D800236B1C /* Debug */,
				A5C798691CB395D800236B1C /* Release */,
			);
			defaultConfigurationIsVisible = 0;
			defaultConfigurationName = Release;
		};
/* End XCConfigurationList section */
	};
	rootObject = A5C798481CB395D800236B1C /* Project object */;
}
